
Microsoft Visual Studio Solution File, Format Version 12.00
# Visual Studio Version 16
VisualStudioVersion = 16.0.30413.136
MinimumVisualStudioVersion = 10.0.40219.1
Project("{FAE04EC0-301F-11D3-BF4B-00C04F79EFBC}") = "ObjPropsDynamicSetter.Test.Unit", "test\ObjPropsDynamicSetter.Test.Unit\ObjPropsDynamicSetter.Test.Unit.csproj", "{C204A625-7615-4A79-B636-C654809748CE}"
EndProject
Global
	GlobalSection(SolutionConfigurationPlatforms) = preSolution
		Debug|Any CPU = Debug|Any CPU
		Release|Any CPU = Release|Any CPU
	EndGlobalSection
	GlobalSection(ProjectConfigurationPlatforms) = postSolution
		{C204A625-7615-4A79-B636-C654809748CE}.Debug|Any CPU.ActiveCfg = Debug|Any CPU
		{C204A625-7615-4A79-B636-C654809748CE}.Debug|Any CPU.Build.0 = Debug|Any CPU
		{C204A625-7615-4A79-B636-C654809748CE}.Release|Any CPU.ActiveCfg = Release|Any CPU
		{C204A625-7615-4A79-B636-C654809748CE}.Release|Any CPU.Build.0 = Release|Any CPU
	EndGlobalSection
	GlobalSection(SolutionProperties) = preSolution
		HideSolutionNode = FALSE
	EndGlobalSection
	GlobalSection(ExtensibilityGlobals) = postSolution
		SolutionGuid = {6EBB8722-CB5F-479A-B556-6DBECECBC008}
	EndGlobalSection
EndGlobal
